<?xml version="1.0" encoding="UTF-8"?>
<!--
   E1 真機手感測試專用的 scheme：`-engine rust` 預設**開啟**。

   為什麼不直接把 `ColorApp.xcscheme` 那個 argument 的 isEnabled 翻成 YES：
   那支 scheme 的 TestAction 帶 shouldUseLaunchSchemeArgsEnv = "YES"，翻下去
   會連 CI 的 `xcodebuild -scheme ColorApp test` 一起改變 host app 的行為。
   E1 要的是「插上 iPhone 就能畫」，不是「順便改 CI」——所以另開一支。

   這支刻意**沒有 Testables**：它是 Run-only 的 harness，不該有人拿它跑測試。

   前置：`cargo xtask ios`（會順便 bake `Resources/dev.colorpack`）。
   沒有那顆 pack 就會撞 EngineFactory 的 assertionFailure。
-->
<Scheme
   LastUpgradeVersion = "2660"
   version = "1.7">
   <BuildAction
      parallelizeBuildables = "YES"
      buildImplicitDependencies = "YES">
      <BuildActionEntries>
         <BuildActionEntry
            buildForTesting = "NO"
            buildForRunning = "YES"
            buildForProfiling = "YES"
            buildForArchiving = "NO"
            buildForAnalyzing = "YES">
            <BuildableReference
               BuildableIdentifier = "primary"
               BlueprintIdentifier = "AA0000000000000000000010"
               BuildableName = "ColorApp.app"
               BlueprintName = "ColorApp"
               ReferencedContainer = "container:ColorApp.xcodeproj">
            </BuildableReference>
         </BuildActionEntry>
      </BuildActionEntries>
   </BuildAction>
   <TestAction
      buildConfiguration = "Debug"
      selectedDebuggerIdentifier = "Xcode.DebuggerFoundation.Debugger.LLDB"
      selectedLauncherIdentifier = "Xcode.DebuggerFoundation.Launcher.LLDB"
      shouldUseLaunchSchemeArgsEnv = "YES">
      <Testables>
      </Testables>
   </TestAction>
   <LaunchAction
      buildConfiguration = "Debug"
      selectedDebuggerIdentifier = "Xcode.DebuggerFoundation.Debugger.LLDB"
      selectedLauncherIdentifier = "Xcode.DebuggerFoundation.Launcher.LLDB"
      launchStyle = "0"
      useCustomWorkingDirectory = "NO"
      ignoresPersistentStateOnLaunch = "NO"
      debugDocumentVersioning = "YES"
      debugServiceExtension = "internal"
      allowLocationSimulation = "YES">
      <BuildableProductRunnable
         runnableDebuggingMode = "0">
         <BuildableReference
            BuildableIdentifier = "primary"
            BlueprintIdentifier = "AA0000000000000000000010"
            BuildableName = "ColorApp.app"
            BlueprintName = "ColorApp"
            ReferencedContainer = "container:ColorApp.xcodeproj">
         </BuildableReference>
      </BuildableProductRunnable>
      <CommandLineArguments>
         <CommandLineArgument
            argument = "-engine rust"
            isEnabled = "YES">
         </CommandLineArgument>
      </CommandLineArguments>
   </LaunchAction>
   <ProfileAction
      buildConfiguration = "Release"
      shouldUseLaunchSchemeArgsEnv = "YES"
      savedToolIdentifier = ""
      useCustomWorkingDirectory = "NO"
      debugDocumentVersioning = "YES">
      <BuildableProductRunnable
         runnableDebuggingMode = "0">
         <BuildableReference
            BuildableIdentifier = "primary"
            BlueprintIdentifier = "AA0000000000000000000010"
            BuildableName = "ColorApp.app"
            BlueprintName = "ColorApp"
            ReferencedContainer = "container:ColorApp.xcodeproj">
         </BuildableReference>
      </BuildableProductRunnable>
   </ProfileAction>
   <AnalyzeAction
      buildConfiguration = "Debug">
   </AnalyzeAction>
</Scheme>
